
Microsoft Visual Studio Solution File, Format Version 12.00
# Visual Studio 15
VisualStudioVersion = 15.0.28307.1972
MinimumVisualStudioVersion = 10.0.40219.1
Project("{FAE04EC0-301F-11D3-BF4B-00C04F79EFBC}") = "memlock", "memlock\memlock.csproj", "{F96ECA7D-E497-44C0-BA39-940D3D6A6A9D}"
	ProjectSection(ProjectDependencies) = postProject
		{AF4B7D50-A1A3-409F-BCC1-B7869609DF39} = {AF4B7D50-A1A3-409F-BCC1-B7869609DF39}
	EndProjectSection
EndProject
Project("{8BC9CEB8-8B4A-11D0-8D11-00A0C91BC942}") = "allocater", "allocater\allocater.vcxproj", "{AF4B7D50-A1A3-409F-BCC1-B7869609DF39}"
EndProject
Global
	GlobalSection(SolutionConfigurationPlatforms) = preSolution
		Debug|Any CPU = Debug|Any CPU
		Debug|x64 = Debug|x64
		Debug|x86 = Debug|x86
		Release|Any CPU = Release|Any CPU
		Release|x64 = Release|x64
		Release|x86 = Release|x86
	EndGlobalSection
	GlobalSection(ProjectConfigurationPlatforms) = postSolution
		{F96ECA7D-E497-44C0-BA39-940D3D6A6A9D}.Debug|Any CPU.ActiveCfg = Debug|x64
		{F96ECA7D-E497-44C0-BA39-940D3D6A6A9D}.Debug|x64.ActiveCfg = Debug|x64
		{F96ECA7D-E497-44C0-BA39-940D3D6A6A9D}.Debug|x64.Build.0 = Debug|x64
		{F96ECA7D-E497-44C0-BA39-940D3D6A6A9D}.Debug|x86.ActiveCfg = Debug|x86
		{F96ECA7D-E497-44C0-BA39-940D3D6A6A9D}.Debug|x86.Build.0 = Debug|x86
		{F96ECA7D-E497-44C0-BA39-940D3D6A6A9D}.Release|Any CPU.ActiveCfg = Release|x64
		{F96ECA7D-E497-44C0-BA39-940D3D6A6A9D}.Release|x64.ActiveCfg = Release|x64
		{F96ECA7D-E497-44C0-BA39-940D3D6A6A9D}.Release|x64.Build.0 = Release|x64
		{F96ECA7D-E497-44C0-BA39-940D3D6A6A9D}.Release|x86.ActiveCfg = Release|x64
		{AF4B7D50-A1A3-409F-BCC1-B7869609DF39}.Debug|Any CPU.ActiveCfg = Debug|Win32
		{AF4B7D50-A1A3-409F-BCC1-B7869609DF39}.Debug|x64.ActiveCfg = Debug|x64
		{AF4B7D50-A1A3-409F-BCC1-B7869609DF39}.Debug|x64.Build.0 = Debug|x64
		{AF4B7D50-A1A3-409F-BCC1-B7869609DF39}.Debug|x86.ActiveCfg = Debug|Win32
		{AF4B7D50-A1A3-409F-BCC1-B7869609DF39}.Debug|x86.Build.0 = Debug|Win32
		{AF4B7D50-A1A3-409F-BCC1-B7869609DF39}.Release|Any CPU.ActiveCfg = Release|Win32
		{AF4B7D50-A1A3-409F-BCC1-B7869609DF39}.Release|x64.ActiveCfg = Release|x64
		{AF4B7D50-A1A3-409F-BCC1-B7869609DF39}.Release|x64.Build.0 = Release|x64
		{AF4B7D50-A1A3-409F-BCC1-B7869609DF39}.Release|x86.ActiveCfg = Release|Win32
		{AF4B7D50-A1A3-409F-BCC1-B7869609DF39}.Release|x86.Build.0 = Release|Win32
	EndGlobalSection
	GlobalSection(SolutionProperties) = preSolution
		HideSolutionNode = FALSE
	EndGlobalSection
	GlobalSection(ExtensibilityGlobals) = postSolution
		SolutionGuid = {4C810B72-D65D-47C4-AEDD-0D83E5285414}
	EndGlobalSection
EndGlobal
